# THIS IS AN AUTOGENERATED FILE. DO NOT EDIT THIS FILE DIRECTLY.
# yarn lockfile v1


clsx@^1.1.1:
  version "1.2.0"
  resolved "https://registry.yarnpkg.com/clsx/-/clsx-1.2.0.tgz#b0e415ea7537dbac01b169c5cec1caeb11d86566"
  integrity sha512-EPRP7XJsM1y0iCU3Z7C7jFKdQboXSeHgEfzQUTlz7m5NP3hDrlz48aUsmNGp4pC+JOW9WA3vIRqlYuo/bl4Drw==

crypto-js@^4.1.1:
  version "4.1.1"
  resolved "https://registry.yarnpkg.com/crypto-js/-/crypto-js-4.1.1.tgz#9e485bcf03521041bd85844786b83fb7619736cf"
  integrity sha512-o2JlM7ydqd3Qk9CA0L4NL6mTzU2sdx96a+oOfPu8Mkl/PK51vSyoi8/rQ8NknZtk44vq15lmhAj9CIAGwgeWKw==

react-toastify@^9.0.5:
  version "9.0.5"
  resolved "https://registry.yarnpkg.com/react-toastify/-/react-toastify-9.0.5.tgz#310d7bcfcf3887c0e8461ac6068fe1abb8d720e1"
  integrity sha512-dszPCeQINY+Nm6HmsiAXT/7wsazPqv0S/RuhIYLAW+fTKcd3T1iRjZG0XqrN9nvAzqaE5J6uxMaiBrOevxjY8g==
  dependencies:
    clsx "^1.1.1"
